repository: https://github.com/mlflow/mlflow.git
release_tag: v3.10.1
ref: cadc323c059d08ee15c3a312afd0eefeeccedc94
version: 3.10.1
fetch:
  strategy: git
  local_override_env: BACKEND_SOURCE_DIR
  submodules: recursive
required_paths:
  - mlflow/assistant/skills
image_variants:
  default: backend:3.10.1
  full: backend:3.10.1-full
  full_extras:
    - extras
    - azure
    - db
    - gateway
    - genai
